// !$*UTF8*$!
{
	archiveVersion = 1;
	classes = {
	};
	objectVersion = 56;
	objects = {

/* Begin PBXBuildFile section */
		C797D78F2994E58600D7BAC0 /* LittleLemonBistroApp.swift in Sources */ = {isa = PBXBuildFile; fileRef = C797D78E2994E58600D7BAC0 /* LittleLemonBistroApp.swift */; };
		C797D7912994E58600D7BAC0 /* ContentView.swift in Sources */ = {isa = PBXBuildFile; fileRef = C797D7902994E58600D7BAC0 /* ContentView.swift */; };
		C797D7932994E58700D7BAC0 /* Assets.xcassets in Resources */ = {isa = PBXBuildFile; fileRef = C797D7922994E58700D7BAC0 /* Assets.xcassets */; };
		C797D7962994E58700D7BAC0 /* Preview Assets.xcassets in Resources */ = {isa = PBXBuildFile; fileRef = C797D7952994E58700D7BAC0 /* Preview Assets.xcassets */; };
		C797D79B2994E58700D7BAC0 /* little_lemon_bistro.xcdatamodeld in Sources */ = {isa = PBXBuildFile; fileRef = C797D7992994E58700D7BAC0 /* little_lemon_bistro.xcdatamodeld */; };
		C797D7A32994EFB400D7BAC0 /* OnboardingView.swift in Sources */ = {isa = PBXBuildFile; fileRef = C797D7A22994EFB400D7BAC0 /* OnboardingView.swift */; };
		C797D7A72994EFD700D7BAC0 /* HomeView.swift in Sources */ = {isa = PBXBuildFile; fileRef = C797D7A62994EFD700D7BAC0 /* HomeView.swift */; };
		C797D7A92994EFE700D7BAC0 /* ProfileView.swift in Sources */ = {isa = PBXBuildFile; fileRef = C797D7A82994EFE700D7BAC0 /* ProfileView.swift */; };
		C797D7E629950C0200D7BAC0 /* SplashView.swift in Sources */ = {isa = PBXBuildFile; fileRef = C797D7E529950C0200D7BAC0 /* SplashView.swift */; };
		C7A96D1729961C62001EFFEB /* MenuModel.swift in Sources */ = {isa = PBXBuildFile; fileRef = C7A96D1629961C62001EFFEB /* MenuModel.swift */; };
		C7A96D1C29963569001EFFEB /* MenuRepository.swift in Sources */ = {isa = PBXBuildFile; fileRef = C7A96D1B29963569001EFFEB /* MenuRepository.swift */; };
		C7A96D2029963E1C001EFFEB /* Dish+Extension.swift in Sources */ = {isa = PBXBuildFile; fileRef = C7A96D1D29963E1C001EFFEB /* Dish+Extension.swift */; };
		C7A96D2129963E1C001EFFEB /* FetchedObjects.swift in Sources */ = {isa = PBXBuildFile; fileRef = C7A96D1E29963E1C001EFFEB /* FetchedObjects.swift */; };
		C7A96D2229963E1C001EFFEB /* Persistence.swift in Sources */ = {isa = PBXBuildFile; fileRef = C7A96D1F29963E1C001EFFEB /* Persistence.swift */; };
		C7A96D2929963FCB001EFFEB /* Dish+CoreDataClass.swift in Sources */ = {isa = PBXBuildFile; fileRef = C7A96D2729963FCB001EFFEB /* Dish+CoreDataClass.swift */; };
		C7A96D2A29963FCB001EFFEB /* Dish+CoreDataProperties.swift in Sources */ = {isa = PBXBuildFile; fileRef = C7A96D2829963FCB001EFFEB /* Dish+CoreDataProperties.swift */; };
		C7A96D2E299643DC001EFFEB /* DishItemView.swift in Sources */ = {isa = PBXBuildFile; fileRef = C7A96D2D299643DC001EFFEB /* DishItemView.swift */; };
		C7A96D312996AAB4001EFFEB /* UIApplication+Extensions.swift in Sources */ = {isa = PBXBuildFile; fileRef = C7A96D302996AAB4001EFFEB /* UIApplication+Extensions.swift */; };
		C7A96D332997E01F001EFFEB /* NavigationBarModifier.swift in Sources */ = {isa = PBXBuildFile; fileRef = C7A96D322997E01F001EFFEB /* NavigationBarModifier.swift */; };
		C7A96D352997E043001EFFEB /* View+Extensions.swift in Sources */ = {isa = PBXBuildFile; fileRef = C7A96D342997E043001EFFEB /* View+Extensions.swift */; };
		C7A96D372999023D001EFFEB /* CheckBoxToggleStyle.swift in Sources */ = {isa = PBXBuildFile; fileRef = C7A96D362999023D001EFFEB /* CheckBoxToggleStyle.swift */; };
/* End PBXBuildFile section */

/* Begin PBXFileReference section */
		C797D78B2994E58600D7BAC0 /* little-lemon-bistro.app */ = {isa = PBXFileReference; explicitFileType = wrapper.application; includeInIndex = 0; path = "little-lemon-bistro.app"; sourceTree = BUILT_PRODUCTS_DIR; };
		C797D78E2994E58600D7BAC0 /* LittleLemonBistroApp.swift */ = {isa = PBXFileReference; lastKnownFileType = sourcecode.swift; path = LittleLemonBistroApp.swift; sourceTree = "<group>"; };
		C797D7902994E58600D7BAC0 /* ContentView.swift */ = {isa = PBXFileReference; lastKnownFileType = sourcecode.swift; path = ContentView.swift; sourceTree = "<group>"; };
		C797D7922994E58700D7BAC0 /* Assets.xcassets */ = {isa = PBXFileReference; lastKnownFileType = folder.assetcatalog; path = Assets.xcassets; sourceTree = "<group>"; };
		C797D7952994E58700D7BAC0 /* Preview Assets.xcassets */ = {isa = PBXFileReference; lastKnownFileType = folder.assetcatalog; path = "Preview Assets.xcassets"; sourceTree = "<group>"; };
		C797D79A2994E58700D7BAC0 /* little_lemon_bistro.xcdatamodel */ = {isa = PBXFileReference; lastKnownFileType = wrapper.xcdatamodel; path = little_lemon_bistro.xcdatamodel; sourceTree = "<group>"; };
		C797D7A22994EFB400D7BAC0 /* OnboardingView.swift */ = {isa = PBXFileReference; lastKnownFileType = sourcecode.swift; path = OnboardingView.swift; sourceTree = "<group>"; };
		C797D7A62994EFD700D7BAC0 /* HomeView.swift */ = {isa = PBXFileReference; lastKnownFileType = sourcecode.swift; path = HomeView.swift; sourceTree = "<group>"; };
		C797D7A82994EFE700D7BAC0 /* ProfileView.swift */ = {isa = PBXFileReference; lastKnownFileType = sourcecode.swift; path = ProfileView.swift; sourceTree = "<group>"; };
		C797D7E529950C0200D7BAC0 /* SplashView.swift */ = {isa = PBXFileReference; lastKnownFileType = sourcecode.swift; path = SplashView.swift; sourceTree = "<group>"; };
		C7A96D1629961C62001EFFEB /* MenuModel.swift */ = {isa = PBXFileReference; fileEncoding = 4; lastKnownFileType = sourcecode.swift; path = MenuModel.swift; sourceTree = "<group>"; };
		C7A96D1B29963569001EFFEB /* MenuRepository.swift */ = {isa = PBXFileReference; lastKnownFileType = sourcecode.swift; path = MenuRepository.swift; sourceTree = "<group>"; };
		C7A96D1D29963E1C001EFFEB /* Dish+Extension.swift */ = {isa = PBXFileReference; fileEncoding = 4; lastKnownFileType = sourcecode.swift; path = "Dish+Extension.swift"; sourceTree = "<group>"; };
		C7A96D1E29963E1C001EFFEB /* FetchedObjects.swift */ = {isa = PBXFileReference; fileEncoding = 4; lastKnownFileType = sourcecode.swift; path = FetchedObjects.swift; sourceTree = "<group>"; };
		C7A96D1F29963E1C001EFFEB /* Persistence.swift */ = {isa = PBXFileReference; fileEncoding = 4; lastKnownFileType = sourcecode.swift; path = Persistence.swift; sourceTree = "<group>"; };
		C7A96D2729963FCB001EFFEB /* Dish+CoreDataClass.swift */ = {isa = PBXFileReference; lastKnownFileType = sourcecode.swift; path = "Dish+CoreDataClass.swift"; sourceTree = "<group>"; };
		C7A96D2829963FCB001EFFEB /* Dish+CoreDataProperties.swift */ = {isa = PBXFileReference; lastKnownFileType = sourcecode.swift; path = "Dish+CoreDataProperties.swift"; sourceTree = "<group>"; };
		C7A96D2D299643DC001EFFEB /* DishItemView.swift */ = {isa = PBXFileReference; lastKnownFileType = sourcecode.swift; path = DishItemView.swift; sourceTree = "<group>"; };
		C7A96D302996AAB4001EFFEB /* UIApplication+Extensions.swift */ = {isa = PBXFileReference; lastKnownFileType = sourcecode.swift; path = "UIApplication+Extensions.swift"; sourceTree = "<group>"; };
		C7A96D322997E01F001EFFEB /* NavigationBarModifier.swift */ = {isa = PBXFileReference; lastKnownFileType = sourcecode.swift; path = NavigationBarModifier.swift; sourceTree = "<group>"; };
		C7A96D342997E043001EFFEB /* View+Extensions.swift */ = {isa = PBXFileReference; lastKnownFileType = sourcecode.swift; path = "View+Extensions.swift"; sourceTree = "<group>"; };
		C7A96D362999023D001EFFEB /* CheckBoxToggleStyle.swift */ = {isa = PBXFileReference; lastKnownFileType = sourcecode.swift; path = CheckBoxToggleStyle.swift; sourceTree = "<group>"; };
/* End PBXFileReference section */

/* Begin PBXFrameworksBuildPhase section */
		C797D7882994E58600D7BAC0 /* Frameworks */ = {
			isa = PBXFrameworksBuildPhase;
			buildActionMask = 2147483647;
			files = (
			);
			runOnlyForDeploymentPostprocessing = 0;
		};
/* End PBXFrameworksBuildPhase section */

/* Begin PBXGroup section */
		C797D7822994E58600D7BAC0 = {
			isa = PBXGroup;
			children = (
				C797D78D2994E58600D7BAC0 /* little-lemon-bistro */,
				C797D78C2994E58600D7BAC0 /* Products */,
			);
			sourceTree = "<group>";
		};
		C797D78C2994E58600D7BAC0 /* Products */ = {
			isa = PBXGroup;
			children = (
				C797D78B2994E58600D7BAC0 /* little-lemon-bistro.app */,
			);
			name = Products;
			sourceTree = "<group>";
		};
		C797D78D2994E58600D7BAC0 /* little-lemon-bistro */ = {
			isa = PBXGroup;
			children = (
				C7A96D2F2996AAA3001EFFEB /* Extensions */,
				C7A96D2C299643C2001EFFEB /* Components */,
				C7A96D1929963534001EFFEB /* Repos */,
				C7A96D1829961E41001EFFEB /* CoreData */,
				C7A96CFC29960FB9001EFFEB /* Models */,
				C797D7A12994EF9600D7BAC0 /* Views */,
				C797D78E2994E58600D7BAC0 /* LittleLemonBistroApp.swift */,
				C797D7902994E58600D7BAC0 /* ContentView.swift */,
				C797D7922994E58700D7BAC0 /* Assets.xcassets */,
				C797D7992994E58700D7BAC0 /* little_lemon_bistro.xcdatamodeld */,
				C797D7942994E58700D7BAC0 /* Preview Content */,
			);
			path = "little-lemon-bistro";
			sourceTree = "<group>";
		};
		C797D7942994E58700D7BAC0 /* Preview Content */ = {
			isa = PBXGroup;
			children = (
				C797D7952994E58700D7BAC0 /* Preview Assets.xcassets */,
			);
			path = "Preview Content";
			sourceTree = "<group>";
		};
		C797D7A12994EF9600D7BAC0 /* Views */ = {
			isa = PBXGroup;
			children = (
				C797D7A22994EFB400D7BAC0 /* OnboardingView.swift */,
				C797D7A62994EFD700D7BAC0 /* HomeView.swift */,
				C797D7A82994EFE700D7BAC0 /* ProfileView.swift */,
				C797D7E529950C0200D7BAC0 /* SplashView.swift */,
			);
			path = Views;
			sourceTree = "<group>";
		};
		C7A96CFC29960FB9001EFFEB /* Models */ = {
			isa = PBXGroup;
			children = (
				C7A96D1629961C62001EFFEB /* MenuModel.swift */,
			);
			path = Models;
			sourceTree = "<group>";
		};
		C7A96D1829961E41001EFFEB /* CoreData */ = {
			isa = PBXGroup;
			children = (
				C7A96D2729963FCB001EFFEB /* Dish+CoreDataClass.swift */,
				C7A96D2829963FCB001EFFEB /* Dish+CoreDataProperties.swift */,
				C7A96D1D29963E1C001EFFEB /* Dish+Extension.swift */,
				C7A96D1E29963E1C001EFFEB /* FetchedObjects.swift */,
				C7A96D1F29963E1C001EFFEB /* Persistence.swift */,
			);
			path = CoreData;
			sourceTree = "<group>";
		};
		C7A96D1929963534001EFFEB /* Repos */ = {
			isa = PBXGroup;
			children = (
				C7A96D1B29963569001EFFEB /* MenuRepository.swift */,
			);
			path = Repos;
			sourceTree = "<group>";
		};
		C7A96D2C299643C2001EFFEB /* Components */ = {
			isa = PBXGroup;
			children = (
				C7A96D2D299643DC001EFFEB /* DishItemView.swift */,
				C7A96D322997E01F001EFFEB /* NavigationBarModifier.swift */,
				C7A96D362999023D001EFFEB /* CheckBoxToggleStyle.swift */,
			);
			path = Components;
			sourceTree = "<group>";
		};
		C7A96D2F2996AAA3001EFFEB /* Extensions */ = {
			isa = PBXGroup;
			children = (
				C7A96D302996AAB4001EFFEB /* UIApplication+Extensions.swift */,
				C7A96D342997E043001EFFEB /* View+Extensions.swift */,
			);
			path = Extensions;
			sourceTree = "<group>";
		};
/* End PBXGroup section */

/* Begin PBXNativeTarget section */
		C797D78A2994E58600D7BAC0 /* little-lemon-bistro */ = {
			isa = PBXNativeTarget;
			buildConfigurationList = C797D79E2994E58700D7BAC0 /* Build configuration list for PBXNativeTarget "little-lemon-bistro" */;
			buildPhases = (
				C797D7872994E58600D7BAC0 /* Sources */,
				C797D7882994E58600D7BAC0 /* Frameworks */,
				C797D7892994E58600D7BAC0 /* Resources */,
			);
			buildRules = (
			);
			dependencies = (
			);
			name = "little-lemon-bistro";
			productName = "little-lemon-bistro";
			productReference = C797D78B2994E58600D7BAC0 /* little-lemon-bistro.app */;
			productType = "com.apple.product-type.application";
		};
/* End PBXNativeTarget section */

/* Begin PBXProject section */
		C797D7832994E58600D7BAC0 /* Project object */ = {
			isa = PBXProject;
			attributes = {
				BuildIndependentTargetsInParallel = 1;
				LastSwiftUpdateCheck = 1420;
				LastUpgradeCheck = 1420;
				TargetAttributes = {
					C797D78A2994E58600D7BAC0 = {
						CreatedOnToolsVersion = 14.2;
					};
				};
			};
			buildConfigurationList = C797D7862994E58600D7BAC0 /* Build configuration list for PBXProject "little-lemon-bistro" */;
			compatibilityVersion = "Xcode 14.0";
			developmentRegion = en;
			hasScannedForEncodings = 0;
			knownRegions = (
				en,
				Base,
			);
			mainGroup = C797D7822994E58600D7BAC0;
			productRefGroup = C797D78C2994E58600D7BAC0 /* Products */;
			projectDirPath = "";
			projectRoot = "";
			targets = (
				C797D78A2994E58600D7BAC0 /* little-lemon-bistro */,
			);
		};
/* End PBXProject section */

/* Begin PBXResourcesBuildPhase section */
		C797D7892994E58600D7BAC0 /* Resources */ = {
			isa = PBXResourcesBuildPhase;
			buildActionMask = 2147483647;
			files = (
				C797D7962994E58700D7BAC0 /* Preview Assets.xcassets in Resources */,
				C797D7932994E58700D7BAC0 /* Assets.xcassets in Resources */,
			);
			runOnlyForDeploymentPostprocessing = 0;
		};
/* End PBXResourcesBuildPhase section */

/* Begin PBXSourcesBuildPhase section */
		C797D7872994E58600D7BAC0 /* Sources */ = {
			isa = PBXSourcesBuildPhase;
			buildActionMask = 2147483647;
			files = (
				C797D7A92994EFE700D7BAC0 /* ProfileView.swift in Sources */,
				C7A96D2E299643DC001EFFEB /* DishItemView.swift in Sources */,
				C797D7E629950C0200D7BAC0 /* SplashView.swift in Sources */,
				C7A96D2229963E1C001EFFEB /* Persistence.swift in Sources */,
				C7A96D2A29963FCB001EFFEB /* Dish+CoreDataProperties.swift in Sources */,
				C7A96D2929963FCB001EFFEB /* Dish+CoreDataClass.swift in Sources */,
				C7A96D312996AAB4001EFFEB /* UIApplication+Extensions.swift in Sources */,
				C797D79B2994E58700D7BAC0 /* little_lemon_bistro.xcdatamodeld in Sources */,
				C797D7A72994EFD700D7BAC0 /* HomeView.swift in Sources */,
				C7A96D1729961C62001EFFEB /* MenuModel.swift in Sources */,
				C7A96D352997E043001EFFEB /* View+Extensions.swift in Sources */,
				C7A96D372999023D001EFFEB /* CheckBoxToggleStyle.swift in Sources */,
				C797D7912994E58600D7BAC0 /* ContentView.swift in Sources */,
				C7A96D2129963E1C001EFFEB /* FetchedObjects.swift in Sources */,
				C797D78F2994E58600D7BAC0 /* LittleLemonBistroApp.swift in Sources */,
				C7A96D1C29963569001EFFEB /* MenuRepository.swift in Sources */,
				C7A96D332997E01F001EFFEB /* NavigationBarModifier.swift in Sources */,
				C797D7A32994EFB400D7BAC0 /* OnboardingView.swift in Sources */,
				C7A96D2029963E1C001EFFEB /* Dish+Extension.swift in Sources */,
			);
			runOnlyForDeploymentPostprocessing = 0;
		};
/* End PBXSourcesBuildPhase section */

/* Begin XCBuildConfiguration section */
		C797D79C2994E58700D7BAC0 /* Debug */ = {
			isa = XCBuildConfiguration;
			buildSettings = {
				ALWAYS_SEARCH_USER_PATHS = NO;
				CLANG_ANALYZER_NONNULL = YES;
				CLANG_ANALYZER_NUMBER_OBJECT_CONVERSION = YES_AGGRESSIVE;
				CLANG_CXX_LANGUAGE_STANDARD = "gnu++20";
				CLANG_ENABLE_MODULES = YES;
				CLANG_ENABLE_OBJC_ARC = YES;
				CLANG_ENABLE_OBJC_WEAK = YES;
				CLANG_WARN_BLOCK_CAPTURE_AUTORELEASING = YES;
				CLANG_WARN_BOOL_CONVERSION = YES;
				CLANG_WARN_COMMA = YES;
				CLANG_WARN_CONSTANT_CONVERSION = YES;
				CLANG_WARN_DEPRECATED_OBJC_IMPLEMENTATIONS = YES;
				CLANG_WARN_DIRECT_OBJC_ISA_USAGE = YES_ERROR;
				CLANG_WARN_DOCUMENTATION_COMMENTS = YES;
				CLANG_WARN_EMPTY_BODY = YES;
				CLANG_WARN_ENUM_CONVERSION = YES;
				CLANG_WARN_INFINITE_RECURSION = YES;
				CLANG_WARN_INT_CONVERSION = YES;
				CLANG_WARN_NON_LITERAL_NULL_CONVERSION = YES;
				CLANG_WARN_OBJC_IMPLICIT_RETAIN_SELF = YES;
				CLANG_WARN_OBJC_LITERAL_CONVERSION = YES;
				CLANG_WARN_OBJC_ROOT_CLASS = YES_ERROR;
				CLANG_WARN_QUOTED_INCLUDE_IN_FRAMEWORK_HEADER = YES;
				CLANG_WARN_RANGE_LOOP_ANALYSIS = YES;
				CLANG_WARN_STRICT_PROTOTYPES = YES;
				CLANG_WARN_SUSPICIOUS_MOVE = YES;
				CLANG_WARN_UNGUARDED_AVAILABILITY = YES_AGGRESSIVE;
				CLANG_WARN_UNREACHABLE_CODE = YES;
				CLANG_WARN__DUPLICATE_METHOD_MATCH = YES;
				COPY_PHASE_STRIP = NO;
				DEBUG_INFORMATION_FORMAT = dwarf;
				ENABLE_STRICT_OBJC_MSGSEND = YES;
				ENABLE_TESTABILITY = YES;
				GCC_C_LANGUAGE_STANDARD = gnu11;
				GCC_DYNAMIC_NO_PIC = NO;
				GCC_NO_COMMON_BLOCKS = YES;
				GCC_OPTIMIZATION_LEVEL = 0;
				GCC_PREPROCESSOR_DEFINITIONS = (
					"DEBUG=1",
					"$(inherited)",
				);
				GCC_WARN_64_TO_32_BIT_CONVERSION = YES;
				GCC_WARN_ABOUT_RETURN_TYPE = YES_ERROR;
				GCC_WARN_UNDECLARED_SELECTOR = YES;
				GCC_WARN_UNINITIALIZED_AUTOS = YES_AGGRESSIVE;
				GCC_WARN_UNUSED_FUNCTION = YES;
				GCC_WARN_UNUSED_VARIABLE = YES;
				IPHONEOS_DEPLOYMENT_TARGET = 16.2;
				MTL_ENABLE_DEBUG_INFO = INCLUDE_SOURCE;
				MTL_FAST_MATH = YES;
				ONLY_ACTIVE_ARCH = YES;
				SDKROOT = iphoneos;
				SWIFT_ACTIVE_COMPILATION_CONDITIONS = DEBUG;
				SWIFT_OPTIMIZATION_LEVEL = "-Onone";
			};
			name = Debug;
		};
		C797D79D2994E58700D7BAC0 /* Release */ = {
			isa = XCBuildConfiguration;
			buildSettings = {
				ALWAYS_SEARCH_USER_PATHS = NO;
				CLANG_ANALYZER_NONNULL = YES;
				CLANG_ANALYZER_NUMBER_OBJECT_CONVERSION = YES_AGGRESSIVE;
				CLANG_CXX_LANGUAGE_STANDARD = "gnu++20";
				CLANG_ENABLE_MODULES = YES;
				CLANG_ENABLE_OBJC_ARC = YES;
				CLANG_ENABLE_OBJC_WEAK = YES;
				CLANG_WARN_BLOCK_CAPTURE_AUTORELEASING = YES;
				CLANG_WARN_BOOL_CONVERSION = YES;
				CLANG_WARN_COMMA = YES;
				CLANG_WARN_CONSTANT_CONVERSION = YES;
				CLANG_WARN_DEPRECATED_OBJC_IMPLEMENTATIONS = YES;
				CLANG_WARN_DIRECT_OBJC_ISA_USAGE = YES_ERROR;
				CLANG_WARN_DOCUMENTATION_COMMENTS = YES;
				CLANG_WARN_EMPTY_BODY = YES;
				CLANG_WARN_ENUM_CONVERSION = YES;
				CLANG_WARN_INFINITE_RECURSION = YES;
				CLANG_WARN_INT_CONVERSION = YES;
				CLANG_WARN_NON_LITERAL_NULL_CONVERSION = YES;
				CLANG_WARN_OBJC_IMPLICIT_RETAIN_SELF = YES;
				CLANG_WARN_OBJC_LITERAL_CONVERSION = YES;
				CLANG_WARN_OBJC_ROOT_CLASS = YES_ERROR;
				CLANG_WARN_QUOTED_INCLUDE_IN_FRAMEWORK_HEADER = YES;
				CLANG_WARN_RANGE_LOOP_ANALYSIS = YES;
				CLANG_WARN_STRICT_PROTOTYPES = YES;
				CLANG_WARN_SUSPICIOUS_MOVE = YES;
				CLANG_WARN_UNGUARDED_AVAILABILITY = YES_AGGRESSIVE;
				CLANG_WARN_UNREACHABLE_CODE = YES;
				CLANG_WARN__DUPLICATE_METHOD_MATCH = YES;
				COPY_PHASE_STRIP = NO;
				DEBUG_INFORMATION_FORMAT = "dwarf-with-dsym";
				ENABLE_NS_ASSERTIONS = NO;
				ENABLE_STRICT_OBJC_MSGSEND = YES;
				GCC_C_LANGUAGE_STANDARD = gnu11;
				GCC_NO_COMMON_BLOCKS = YES;
				GCC_WARN_64_TO_32_BIT_CONVERSION = YES;
				GCC_WARN_ABOUT_RETURN_TYPE = YES_ERROR;
				GCC_WARN_UNDECLARED_SELECTOR = YES;
				GCC_WARN_UNINITIALIZED_AUTOS = YES_AGGRESSIVE;
				GCC_WARN_UNUSED_FUNCTION = YES;
				GCC_WARN_UNUSED_VARIABLE = YES;
				IPHONEOS_DEPLOYMENT_TARGET = 16.2;
				MTL_ENABLE_DEBUG_INFO = NO;
				MTL_FAST_MATH = YES;
				SDKROOT = iphoneos;
				SWIFT_COMPILATION_MODE = wholemodule;
				SWIFT_OPTIMIZATION_LEVEL = "-O";
				VALIDATE_PRODUCT = YES;
			};
			name = Release;
		};
		C797D79F2994E58700D7BAC0 /* Debug */ = {
			isa = XCBuildConfiguration;
			buildSettings = {
				ASSETCATALOG_COMPILER_APPICON_NAME = AppIcon;
				ASSETCATALOG_COMPILER_GLOBAL_ACCENT_COLOR_NAME = AccentColor;
				CODE_SIGN_STYLE = Automatic;
				CURRENT_PROJECT_VERSION = 1;
				DEVELOPMENT_ASSET_PATHS = "\"little-lemon-bistro/Preview Content\"";
				ENABLE_PREVIEWS = YES;
				GENERATE_INFOPLIST_FILE = YES;
				INFOPLIST_KEY_UIApplicationSceneManifest_Generation = YES;
				INFOPLIST_KEY_UIApplicationSupportsIndirectInputEvents = YES;
				INFOPLIST_KEY_UILaunchScreen_Generation = YES;
				INFOPLIST_KEY_UISupportedInterfaceOrientations_iPad = "UIInterfaceOrientationPortrait UIInterfaceOrientationPortraitUpsideDown UIInterfaceOrientationLandscapeLeft UIInterfaceOrientationLandscapeRight";
				INFOPLIST_KEY_UISupportedInterfaceOrientations_iPhone = "UIInterfaceOrientationPortrait UIInterfaceOrientationLandscapeLeft UIInterfaceOrientationLandscapeRight";
				IPHONEOS_DEPLOYMENT_TARGET = 15.0;
				LD_RUNPATH_SEARCH_PATHS = (
					"$(inherited)",
					"@executable_path/Frameworks",
				);
				MARKETING_VERSION = 1.0;
				PRODUCT_BUNDLE_IDENTIFIER = "com.quangluu.little-lemon-bistro";
				PRODUCT_NAME = "$(TARGET_NAME)";
				SWIFT_EMIT_LOC_STRINGS = YES;
				SWIFT_VERSION = 5.0;
				TARGETED_DEVICE_FAMILY = "1,2";
			};
			name = Debug;
		};
		C797D7A02994E58700D7BAC0 /* Release */ = {
			isa = XCBuildConfiguration;
			buildSettings = {
				ASSETCATALOG_COMPILER_APPICON_NAME = AppIcon;
				ASSETCATALOG_COMPILER_GLOBAL_ACCENT_COLOR_NAME = AccentColor;
				CODE_SIGN_STYLE = Automatic;
				CURRENT_PROJECT_VERSION = 1;
				DEVELOPMENT_ASSET_PATHS = "\"little-lemon-bistro/Preview Content\"";
				ENABLE_PREVIEWS = YES;
				GENERATE_INFOPLIST_FILE = YES;
				INFOPLIST_KEY_UIApplicationSceneManifest_Generation = YES;
				INFOPLIST_KEY_UIApplicationSupportsIndirectInputEvents = YES;
				INFOPLIST_KEY_UILaunchScreen_Generation = YES;
				INFOPLIST_KEY_UISupportedInterfaceOrientations_iPad = "UIInterfaceOrientationPortrait UIInterfaceOrientationPortraitUpsideDown UIInterfaceOrientationLandscapeLeft UIInterfaceOrientationLandscapeRight";
				INFOPLIST_KEY_UISupportedInterfaceOrientations_iPhone = "UIInterfaceOrientationPortrait UIInterfaceOrientationLandscapeLeft UIInterfaceOrientationLandscapeRight";
				IPHONEOS_DEPLOYMENT_TARGET = 15.0;
				LD_RUNPATH_SEARCH_PATHS = (
					"$(inherited)",
					"@executable_path/Frameworks",
				);
				MARKETING_VERSION = 1.0;
				PRODUCT_BUNDLE_IDENTIFIER = "com.quangluu.little-lemon-bistro";
				PRODUCT_NAME = "$(TARGET_NAME)";
				SWIFT_EMIT_LOC_STRINGS = YES;
				SWIFT_VERSION = 5.0;
				TARGETED_DEVICE_FAMILY = "1,2";
			};
			name = Release;
		};
/* End XCBuildConfiguration section */

/* Begin XCConfigurationList section */
		C797D7862994E58600D7BAC0 /* Build configuration list for PBXProject "little-lemon-bistro" */ = {
			isa = XCConfigurationList;
			buildConfigurations = (
				C797D79C2994E58700D7BAC0 /* Debug */,
				C797D79D2994E58700D7BAC0 /* Release */,
			);
			defaultConfigurationIsVisible = 0;
			defaultConfigurationName = Release;
		};
		C797D79E2994E58700D7BAC0 /* Build configuration list for PBXNativeTarget "little-lemon-bistro" */ = {
			isa = XCConfigurationList;
			buildConfigurations = (
				C797D79F2994E58700D7BAC0 /* Debug */,
				C797D7A02994E58700D7BAC0 /* Release */,
			);
			defaultConfigurationIsVisible = 0;
			defaultConfigurationName = Release;
		};
/* End XCConfigurationList section */

/* Begin XCVersionGroup section */
		C797D7992994E58700D7BAC0 /* little_lemon_bistro.xcdatamodeld */ = {
			isa = XCVersionGroup;
			children = (
				C797D79A2994E58700D7BAC0 /* little_lemon_bistro.xcdatamodel */,
			);
			currentVersion = C797D79A2994E58700D7BAC0 /* little_lemon_bistro.xcdatamodel */;
			path = little_lemon_bistro.xcdatamodeld;
			sourceTree = "<group>";
			versionGroupType = wrapper.xcdatamodel;
		};
/* End XCVersionGroup section */
	};
	rootObject = C797D7832994E58600D7BAC0 /* Project object */;
}
